# This file is automatically @generated by Poetry 1.7.1 and should not be changed by hand.

[[package]]
name = "asttokens"
version = "2.4.1"
description = "Annotate AST trees with source code positions"
optional = false
python-versions = "*"
files = [
    {file = "asttokens-2.4.1-py2.py3-none-any.whl", hash = "sha256:051ed49c3dcae8913ea7cd08e46a606dba30b79993209636c4875bc1d637bc24"},
    {file = "asttokens-2.4.1.tar.gz", hash = "sha256:b03869718ba9a6eb027e134bfdf69f38a236d681c83c160d510768af11254ba0"},
]

[package.dependencies]
six = ">=1.12.0"

[package.extras]
astroid = ["astroid (>=1,<2)", "astroid (>=2,<4)"]
test = ["astroid (>=1,<2)", "astroid (>=2,<4)", "pytest"]

[[package]]
name = "colorama"
version = "0.4.6"
description = "Cross-platform colored terminal text."
optional = false
python-versions = "!=3.0.*,!=3.1.*,!=3.2.*,!=3.3.*,!=3.4.*,!=3.5.*,!=3.6.*,>=2.7"
files = [
    {file = "colorama-0.4.6-py2.py3-none-any.whl", hash = "sha256:4f1d9991f5acc0ca119f9d443620b77f9d6b33703e51011c16baf57afb285fc6"},
    {file = "colorama-0.4.6.tar.gz", hash = "sha256:08695f5cb7ed6e0531a20572697297273c47b8cae5a63ffc6d6ed5c201be6e44"},
]

[[package]]
name = "coverage"
version = "7.6.3"
description = "Code coverage measurement for Python"
optional = false
python-versions = ">=3.9"
files = [
    {file = "coverage-7.6.3-cp310-cp310-macosx_10_9_x86_64.whl", hash = "sha256:6da42bbcec130b188169107ecb6ee7bd7b4c849d24c9370a0c884cf728d8e976"},
    {file = "coverage-7.6.3-cp310-cp310-macosx_11_0_arm64.whl", hash = "sha256:c222958f59b0ae091f4535851cbb24eb57fc0baea07ba675af718fb5302dddb2"},
    {file = "coverage-7.6.3-cp310-cp310-manylinux_2_17_aarch64.manylinux2014_aarch64.whl", hash = "sha256:ab84a8b698ad5a6c365b08061920138e7a7dd9a04b6feb09ba1bfae68346ce6d"},
    {file = "coverage-7.6.3-cp310-cp310-manylinux_2_5_i686.manylinux1_i686.manylinux_2_17_i686.manylinux2014_i686.whl", hash = "sha256:70a6756ce66cd6fe8486c775b30889f0dc4cb20c157aa8c35b45fd7868255c5c"},
    {file = "coverage-7.6.3-cp310-cp310-manylinux_2_5_x86_64.manylinux1_x86_64.manylinux_2_17_x86_64.manylinux2014_x86_64.whl", hash = "sha256:3c2e6fa98032fec8282f6b27e3f3986c6e05702828380618776ad794e938f53a"},
    {file = "coverage-7.6.3-cp310-cp310-musllinux_1_2_aarch64.whl", hash = "sha256:921fbe13492caf6a69528f09d5d7c7d518c8d0e7b9f6701b7719715f29a71e6e"},
    {file = "coverage-7.6.3-cp310-cp310-musllinux_1_2_i686.whl", hash = "sha256:6d99198203f0b9cb0b5d1c0393859555bc26b548223a769baf7e321a627ed4fc"},
    {file = "coverage-7.6.3-cp310-cp310-musllinux_1_2_x86_64.whl", hash = "sha256:87cd2e29067ea397a47e352efb13f976eb1b03e18c999270bb50589323294c6e"},
    {file = "coverage-7.6.3-cp310-cp310-win32.whl", hash = "sha256:a3328c3e64ea4ab12b85999eb0779e6139295bbf5485f69d42cf794309e3d007"},
    {file = "coverage-7.6.3-cp310-cp310-win_amd64.whl", hash = "sha256:bca4c8abc50d38f9773c1ec80d43f3768df2e8576807d1656016b9d3eeaa96fd"},
    {file = "coverage-7.6.3-cp311-cp311-macosx_10_9_x86_64.whl", hash = "sha256:c51ef82302386d686feea1c44dbeef744585da16fcf97deea2a8d6c1556f519b"},
    {file = "coverage-7.6.3-cp311-cp311-macosx_11_0_arm64.whl", hash = "sha256:0ca37993206402c6c35dc717f90d4c8f53568a8b80f0bf1a1b2b334f4d488fba"},
    {file = "coverage-7.6.3-cp311-cp311-manylinux_2_17_aarch64.manylinux2014_aarch64.whl", hash = "sha256:c77326300b839c44c3e5a8fe26c15b7e87b2f32dfd2fc9fee1d13604347c9b38"},
    {file = "coverage-7.6.3-cp311-cp311-manylinux_2_5_i686.manylinux1_i686.manylinux_2_17_i686.manylinux2014_i686.whl", hash = "sha256:6e484e479860e00da1f005cd19d1c5d4a813324e5951319ac3f3eefb497cc549"},
    {file = "coverage-7.6.3-cp311-cp311-manylinux_2_5_x86_64.manylinux1_x86_64.manylinux_2_17_x86_64.manylinux2014_x86_64.whl", hash = "sha256:0c6c0f4d53ef603397fc894a895b960ecd7d44c727df42a8d500031716d4e8d2"},
    {file = "coverage-7.6.3-cp311-cp311-musllinux_1_2_aarch64.whl", hash = "sha256:37be7b5ea3ff5b7c4a9db16074dc94523b5f10dd1f3b362a827af66a55198175"},
    {file = "coverage-7.6.3-cp311-cp311-musllinux_1_2_i686.whl", hash = "sha256:43b32a06c47539fe275106b376658638b418c7cfdfff0e0259fbf877e845f14b"},
    {file = "coverage-7.6.3-cp311-cp311-musllinux_1_2_x86_64.whl", hash = "sha256:ee77c7bef0724165e795b6b7bf9c4c22a9b8468a6bdb9c6b4281293c6b22a90f"},
    {file = "coverage-7.6.3-cp311-cp311-win32.whl", hash = "sha256:43517e1f6b19f610a93d8227e47790722c8bf7422e46b365e0469fc3d3563d97"},
    {file = "coverage-7.6.3-cp311-cp311-win_amd64.whl", hash = "sha256:04f2189716e85ec9192df307f7c255f90e78b6e9863a03223c3b998d24a3c6c6"},
    {file = "coverage-7.6.3-cp312-cp312-macosx_10_13_x86_64.whl", hash = "sha256:27bd5f18d8f2879e45724b0ce74f61811639a846ff0e5c0395b7818fae87aec6"},
    {file = "coverage-7.6.3-cp312-cp312-macosx_11_0_arm64.whl", hash = "sha256:d546cfa78844b8b9c1c0533de1851569a13f87449897bbc95d698d1d3cb2a30f"},
    {file = "coverage-7.6.3-cp312-cp312-manylinux_2_17_aarch64.manylinux2014_aarch64.whl", hash = "sha256:9975442f2e7a5cfcf87299c26b5a45266ab0696348420049b9b94b2ad3d40234"},
    {file = "coverage-7.6.3-cp312-cp312-manylinux_2_5_i686.manylinux1_i686.manylinux_2_17_i686.manylinux2014_i686.whl", hash = "sha256:583049c63106c0555e3ae3931edab5669668bbef84c15861421b94e121878d3f"},
    {file = "coverage-7.6.3-cp312-cp312-manylinux_2_5_x86_64.manylinux1_x86_64.manylinux_2_17_x86_64.manylinux2014_x86_64.whl", hash = "sha256:2341a78ae3a5ed454d524206a3fcb3cec408c2a0c7c2752cd78b606a2ff15af4"},
    {file = "coverage-7.6.3-cp312-cp312-musllinux_1_2_aarch64.whl", hash = "sha256:a4fb91d5f72b7e06a14ff4ae5be625a81cd7e5f869d7a54578fc271d08d58ae3"},
    {file = "coverage-7.6.3-cp312-cp312-musllinux_1_2_i686.whl", hash = "sha256:e279f3db904e3b55f520f11f983cc8dc8a4ce9b65f11692d4718ed021ec58b83"},
    {file = "coverage-7.6.3-cp312-cp312-musllinux_1_2_x86_64.whl", hash = "sha256:aa23ce39661a3e90eea5f99ec59b763b7d655c2cada10729ed920a38bfc2b167"},
    {file = "coverage-7.6.3-cp312-cp312-win32.whl", hash = "sha256:52ac29cc72ee7e25ace7807249638f94c9b6a862c56b1df015d2b2e388e51dbd"},
    {file = "coverage-7.6.3-cp312-cp312-win_amd64.whl", hash = "sha256:40e8b1983080439d4802d80b951f4a93d991ef3261f69e81095a66f86cf3c3c6"},
    {file = "coverage-7.6.3-cp313-cp313-macosx_10_13_x86_64.whl", hash = "sha256:9134032f5aa445ae591c2ba6991d10136a1f533b1d2fa8f8c21126468c5025c6"},
    {file = "coverage-7.6.3-cp313-cp313-macosx_11_0_arm64.whl", hash = "sha256:99670790f21a96665a35849990b1df447993880bb6463a0a1d757897f30da929"},
    {file = "coverage-7.6.3-cp313-cp313-manylinux_2_17_aarch64.manylinux2014_aarch64.whl", hash = "sha256:2dc7d6b380ca76f5e817ac9eef0c3686e7834c8346bef30b041a4ad286449990"},
    {file = "coverage-7.6.3-cp313-cp313-manylinux_2_5_i686.manylinux1_i686.manylinux_2_17_i686.manylinux2014_i686.whl", hash = "sha256:f7b26757b22faf88fcf232f5f0e62f6e0fd9e22a8a5d0d5016888cdfe1f6c1c4"},
    {file = "coverage-7.6.3-cp313-cp313-manylinux_2_5_x86_64.manylinux1_x86_64.manylinux_2_17_x86_64.manylinux2014_x86_64.whl", hash = "sha256:4c59d6a4a4633fad297f943c03d0d2569867bd5372eb5684befdff8df8522e39"},
    {file = "coverage-7.6.3-cp313-cp313-musllinux_1_2_aarch64.whl", hash = "sha256:f263b18692f8ed52c8de7f40a0751e79015983dbd77b16906e5b310a39d3ca21"},
    {file = "coverage-7.6.3-cp313-cp313-musllinux_1_2_i686.whl", hash = "sha256:79644f68a6ff23b251cae1c82b01a0b51bc40c8468ca9585c6c4b1aeee570e0b"},
    {file = "coverage-7.6.3-cp313-cp313-musllinux_1_2_x86_64.whl", hash = "sha256:71967c35828c9ff94e8c7d405469a1fb68257f686bca7c1ed85ed34e7c2529c4"},
    {file = "coverage-7.6.3-cp313-cp313-win32.whl", hash = "sha256:e266af4da2c1a4cbc6135a570c64577fd3e6eb204607eaff99d8e9b710003c6f"},
    {file = "coverage-7.6.3-cp313-cp313-win_amd64.whl", hash = "sha256:ea52bd218d4ba260399a8ae4bb6b577d82adfc4518b93566ce1fddd4a49d1dce"},
    {file = "coverage-7.6.3-cp313-cp313t-macosx_10_13_x86_64.whl", hash = "sha256:8d4c6ea0f498c7c79111033a290d060c517853a7bcb2f46516f591dab628ddd3"},
    {file = "coverage-7.6.3-cp313-cp313t-macosx_11_0_arm64.whl", hash = "sha256:331b200ad03dbaa44151d74daeb7da2cf382db424ab923574f6ecca7d3b30de3"},
    {file = "coverage-7.6.3-cp313-cp313t-manylinux_2_17_aarch64.manylinux2014_aarch64.whl", hash = "sha256:54356a76b67cf8a3085818026bb556545ebb8353951923b88292556dfa9f812d"},
    {file = "coverage-7.6.3-cp313-cp313t-manylinux_2_5_i686.manylinux1_i686.manylinux_2_17_i686.manylinux2014_i686.whl", hash = "sha256:ebec65f5068e7df2d49466aab9128510c4867e532e07cb6960075b27658dca38"},
    {file = "coverage-7.6.3-cp313-cp313t-manylinux_2_5_x86_64.manylinux1_x86_64.manylinux_2_17_x86_64.manylinux2014_x86_64.whl", hash = "sha256:d33a785ea8354c480515e781554d3be582a86297e41ccbea627a5c632647f2cd"},
    {file = "coverage-7.6.3-cp313-cp313t-musllinux_1_2_aarch64.whl", hash = "sha256:f7ddb920106bbbbcaf2a274d56f46956bf56ecbde210d88061824a95bdd94e92"},
    {file = "coverage-7.6.3-cp313-cp313t-musllinux_1_2_i686.whl", hash = "sha256:70d24936ca6c15a3bbc91ee9c7fc661132c6f4c9d42a23b31b6686c05073bde5"},
    {file = "coverage-7.6.3-cp313-cp313t-musllinux_1_2_x86_64.whl", hash = "sha256:c30e42ea11badb147f0d2e387115b15e2bd8205a5ad70d6ad79cf37f6ac08c91"},
    {file = "coverage-7.6.3-cp313-cp313t-win32.whl", hash = "sha256:365defc257c687ce3e7d275f39738dcd230777424117a6c76043459db131dd43"},
    {file = "coverage-7.6.3-cp313-cp313t-win_amd64.whl", hash = "sha256:23bb63ae3f4c645d2d82fa22697364b0046fbafb6261b258a58587441c5f7bd0"},
    {file = "coverage-7.6.3-cp39-cp39-macosx_10_9_x86_64.whl", hash = "sha256:da29ceabe3025a1e5a5aeeb331c5b1af686daab4ff0fb4f83df18b1180ea83e2"},
    {file = "coverage-7.6.3-cp39-cp39-macosx_11_0_arm64.whl", hash = "sha256:df8c05a0f574d480947cba11b947dc41b1265d721c3777881da2fb8d3a1ddfba"},
    {file = "coverage-7.6.3-cp39-cp39-manylinux_2_17_aarch64.manylinux2014_aarch64.whl", hash = "sha256:ec1e3b40b82236d100d259854840555469fad4db64f669ab817279eb95cd535c"},
    {file = "coverage-7.6.3-cp39-cp39-manylinux_2_5_i686.manylinux1_i686.manylinux_2_17_i686.manylinux2014_i686.whl", hash = "sha256:b4adeb878a374126f1e5cf03b87f66279f479e01af0e9a654cf6d1509af46c40"},
    {file = "coverage-7.6.3-cp39-cp39-manylinux_2_5_x86_64.manylinux1_x86_64.manylinux_2_17_x86_64.manylinux2014_x86_64.whl", hash = "sha256:43d6a66e33b1455b98fc7312b124296dad97a2e191c80320587234a77b1b736e"},
    {file = "coverage-7.6.3-cp39-cp39-musllinux_1_2_aarch64.whl", hash = "sha256:1990b1f4e2c402beb317840030bb9f1b6a363f86e14e21b4212e618acdfce7f6"},
    {file = "coverage-7.6.3-cp39-cp39-musllinux_1_2_i686.whl", hash = "sha256:12f9515d875859faedb4144fd38694a761cd2a61ef9603bf887b13956d0bbfbb"},
    {file = "coverage-7.6.3-cp39-cp39-musllinux_1_2_x86_64.whl", hash = "sha256:99ded130555c021d99729fabd4ddb91a6f4cc0707df4b1daf912c7850c373b13"},
    {file = "coverage-7.6.3-cp39-cp39-win32.whl", hash = "sha256:c3a79f56dee9136084cf84a6c7c4341427ef36e05ae6415bf7d787c96ff5eaa3"},
    {file = "coverage-7.6.3-cp39-cp39-win_amd64.whl", hash = "sha256:aac7501ae73d4a02f4b7ac8fcb9dc55342ca98ffb9ed9f2dfb8a25d53eda0e4d"},
    {file = "coverage-7.6.3-pp39.pp310-none-any.whl", hash = "sha256:b9853509b4bf57ba7b1f99b9d866c422c9c5248799ab20e652bbb8a184a38181"},
    {file = "coverage-7.6.3.tar.gz", hash = "sha256:bb7d5fe92bd0dc235f63ebe9f8c6e0884f7360f88f3411bfed1350c872ef2054"},
]

[package.extras]
toml = ["tomli"]

[[package]]
name = "decorator"
version = "5.1.1"
description = "Decorators for Humans"
optional = false
python-versions = ">=3.5"
files = [
    {file = "decorator-5.1.1-py3-none-any.whl", hash = "sha256:b8c3f85900b9dc423225913c5aace94729fe1fa9763b38939a95226f02d37186"},
    {file = "decorator-5.1.1.tar.gz", hash = "sha256:637996211036b6385ef91435e4fae22989472f9d571faba8927ba8253acbc330"},
]

[[package]]
name = "docopt"
version = "0.6.2"
description = "Pythonic argument parser, that will make you smile"
optional = false
python-versions = "*"
files = [
    {file = "docopt-0.6.2.tar.gz", hash = "sha256:49b3a825280bd66b3aa83585ef59c4a8c82f2c8a522dbe754a8bc8d08c85c491"},
]

[[package]]
name = "executing"
version = "2.1.0"
description = "Get the currently executing AST node of a frame, and other information"
optional = false
python-versions = ">=3.8"
files = [
    {file = "executing-2.1.0-py2.py3-none-any.whl", hash = "sha256:8d63781349375b5ebccc3142f4b30350c0cd9c79f921cde38be2be4637e98eaf"},
    {file = "executing-2.1.0.tar.gz", hash = "sha256:8ea27ddd260da8150fa5a708269c4a10e76161e2496ec3e587da9e3c0fe4b9ab"},
]

[package.extras]
tests = ["asttokens (>=2.1.0)", "coverage", "coverage-enable-subprocess", "ipython", "littleutils", "pytest", "rich"]

[[package]]
name = "iniconfig"
version = "2.0.0"
description = "brain-dead simple config-ini parsing"
optional = false
python-versions = ">=3.7"
files = [
    {file = "iniconfig-2.0.0-py3-none-any.whl", hash = "sha256:b6a85871a79d2e3b22d2d1b94ac2824226a63c6b741c88f7ae975f18b6778374"},
    {file = "iniconfig-2.0.0.tar.gz", hash = "sha256:2d91e135bf72d31a410b17c16da610a82cb55f6b0477d1a902134b24a455b8b3"},
]

[[package]]
name = "ipdb"
version = "0.13.13"
description = "IPython-enabled pdb"
optional = false
python-versions = ">=2.7, !=3.0.*, !=3.1.*, !=3.2.*, !=3.3.*"
files = [
    {file = "ipdb-0.13.13-py3-none-any.whl", hash = "sha256:45529994741c4ab6d2388bfa5d7b725c2cf7fe9deffabdb8a6113aa5ed449ed4"},
    {file = "ipdb-0.13.13.tar.gz", hash = "sha256:e3ac6018ef05126d442af680aad863006ec19d02290561ac88b8b1c0b0cfc726"},
]

[package.dependencies]
decorator = {version = "*", markers = "python_version >= \"3.11\""}
ipython = {version = ">=7.31.1", markers = "python_version >= \"3.11\""}

[[package]]
name = "ipython"
version = "8.28.0"
description = "IPython: Productive Interactive Computing"
optional = false
python-versions = ">=3.10"
files = [
    {file = "ipython-8.28.0-py3-none-any.whl", hash = "sha256:530ef1e7bb693724d3cdc37287c80b07ad9b25986c007a53aa1857272dac3f35"},
    {file = "ipython-8.28.0.tar.gz", hash = "sha256:0d0d15ca1e01faeb868ef56bc7ee5a0de5bd66885735682e8a322ae289a13d1a"},
]

[package.dependencies]
colorama = {version = "*", markers = "sys_platform == \"win32\""}
decorator = "*"
jedi = ">=0.16"
matplotlib-inline = "*"
pexpect = {version = ">4.3", markers = "sys_platform != \"win32\" and sys_platform != \"emscripten\""}
prompt-toolkit = ">=3.0.41,<3.1.0"
pygments = ">=2.4.0"
stack-data = "*"
traitlets = ">=5.13.0"
typing-extensions = {version = ">=4.6", markers = "python_version < \"3.12\""}

[package.extras]
all = ["ipython[black,doc,kernel,matplotlib,nbconvert,nbformat,notebook,parallel,qtconsole]", "ipython[test,test-extra]"]
black = ["black"]
doc = ["docrepr", "exceptiongroup", "intersphinx-registry", "ipykernel", "ipython[test]", "matplotlib", "setuptools (>=18.5)", "sphinx (>=1.3)", "sphinx-rtd-theme", "sphinxcontrib-jquery", "tomli", "typing-extensions"]
kernel = ["ipykernel"]
matplotlib = ["matplotlib"]
nbconvert = ["nbconvert"]
nbformat = ["nbformat"]
notebook = ["ipywidgets", "notebook"]
parallel = ["ipyparallel"]
qtconsole = ["qtconsole"]
test = ["packaging", "pickleshare", "pytest", "pytest-asyncio (<0.22)", "testpath"]
test-extra = ["curio", "ipython[test]", "matplotlib (!=3.2.0)", "nbformat", "numpy (>=1.23)", "pandas", "trio"]

[[package]]
name = "jedi"
version = "0.19.1"
description = "An autocompletion tool for Python that can be used for text editors."
optional = false
python-versions = ">=3.6"
files = [
    {file = "jedi-0.19.1-py2.py3-none-any.whl", hash = "sha256:e983c654fe5c02867aef4cdfce5a2fbb4a50adc0af145f70504238f18ef5e7e0"},
    {file = "jedi-0.19.1.tar.gz", hash = "sha256:cf0496f3651bc65d7174ac1b7d043eff454892c708a87d1b683e57b569927ffd"},
]

[package.dependencies]
parso = ">=0.8.3,<0.9.0"

[package.extras]
docs = ["Jinja2 (==2.11.3)", "MarkupSafe (==1.1.1)", "Pygments (==2.8.1)", "alabaster (==0.7.12)", "babel (==2.9.1)", "chardet (==4.0.0)", "commonmark (==0.8.1)", "docutils (==0.17.1)", "future (==0.18.2)", "idna (==2.10)", "imagesize (==1.2.0)", "mock (==1.0.1)", "packaging (==20.9)", "pyparsing (==2.4.7)", "pytz (==2021.1)", "readthedocs-sphinx-ext (==2.1.4)", "recommonmark (==0.5.0)", "requests (==2.25.1)", "six (==1.15.0)", "snowballstemmer (==2.1.0)", "sphinx (==1.8.5)", "sphinx-rtd-theme (==0.4.3)", "sphinxcontrib-serializinghtml (==1.1.4)", "sphinxcontrib-websupport (==1.2.4)", "urllib3 (==1.26.4)"]
qa = ["flake8 (==5.0.4)", "mypy (==0.971)", "types-setuptools (==67.2.0.1)"]
testing = ["Django", "attrs", "colorama", "docopt", "pytest (<7.0.0)"]

[[package]]
name = "matplotlib-inline"
version = "0.1.7"
description = "Inline Matplotlib backend for Jupyter"
optional = false
python-versions = ">=3.8"
files = [
    {file = "matplotlib_inline-0.1.7-py3-none-any.whl", hash = "sha256:df192d39a4ff8f21b1895d72e6a13f5fcc5099f00fa84384e0ea28c2cc0653ca"},
    {file = "matplotlib_inline-0.1.7.tar.gz", hash = "sha256:8423b23ec666be3d16e16b60bdd8ac4e86e840ebd1dd11a30b9f117f2fa0ab90"},
]

[package.dependencies]
traitlets = "*"

[[package]]
name = "packaging"
version = "24.1"
description = "Core utilities for Python packages"
optional = false
python-versions = ">=3.8"
files = [
    {file = "packaging-24.1-py3-none-any.whl", hash = "sha256:5b8f2217dbdbd2f7f384c41c628544e6d52f2d0f53c6d0c3ea61aa5d1d7ff124"},
    {file = "packaging-24.1.tar.gz", hash = "sha256:026ed72c8ed3fcce5bf8950572258698927fd1dbda10a5e981cdf0ac37f4f002"},
]

[[package]]
name = "parso"
version = "0.8.4"
description = "A Python Parser"
optional = false
python-versions = ">=3.6"
files = [
    {file = "parso-0.8.4-py2.py3-none-any.whl", hash = "sha256:a418670a20291dacd2dddc80c377c5c3791378ee1e8d12bffc35420643d43f18"},
    {file = "parso-0.8.4.tar.gz", hash = "sha256:eb3a7b58240fb99099a345571deecc0f9540ea5f4dd2fe14c2a99d6b281ab92d"},
]

[package.extras]
qa = ["flake8 (==5.0.4)", "mypy (==0.971)", "types-setuptools (==67.2.0.1)"]
testing = ["docopt", "pytest"]

[[package]]
name = "pexpect"
version = "4.9.0"
description = "Pexpect allows easy control of interactive console applications."
optional = false
python-versions = "*"
files = [
    {file = "pexpect-4.9.0-py2.py3-none-any.whl", hash = "sha256:7236d1e080e4936be2dc3e326cec0af72acf9212a7e1d060210e70a47e253523"},
    {file = "pexpect-4.9.0.tar.gz", hash = "sha256:ee7d41123f3c9911050ea2c2dac107568dc43b2d3b0c7557a33212c398ead30f"},
]

[package.dependencies]
ptyprocess = ">=0.5"

[[package]]
name = "pluggy"
version = "1.5.0"
description = "plugin and hook calling mechanisms for python"
optional = false
python-versions = ">=3.8"
files = [
    {file = "pluggy-1.5.0-py3-none-any.whl", hash = "sha256:44e1ad92c8ca002de6377e165f3e0f1be63266ab4d554740532335b9d75ea669"},
    {file = "pluggy-1.5.0.tar.gz", hash = "sha256:2cffa88e94fdc978c4c574f15f9e59b7f4201d439195c3715ca9e2486f1d0cf1"},
]

[package.extras]
dev = ["pre-commit", "tox"]
testing = ["pytest", "pytest-benchmark"]

[[package]]
name = "prompt-toolkit"
version = "3.0.48"
description = "Library for building powerful interactive command lines in Python"
optional = false
python-versions = ">=3.7.0"
files = [
    {file = "prompt_toolkit-3.0.48-py3-none-any.whl", hash = "sha256:f49a827f90062e411f1ce1f854f2aedb3c23353244f8108b89283587397ac10e"},
    {file = "prompt_toolkit-3.0.48.tar.gz", hash = "sha256:d6623ab0477a80df74e646bdbc93621143f5caf104206aa29294d53de1a03d90"},
]

[package.dependencies]
wcwidth = "*"

[[package]]
name = "ptyprocess"
version = "0.7.0"
description = "Run a subprocess in a pseudo terminal"
optional = false
python-versions = "*"
files = [
    {file = "ptyprocess-0.7.0-py2.py3-none-any.whl", hash = "sha256:4b41f3967fce3af57cc7e94b888626c18bf37a083e3651ca8feeb66d492fef35"},
    {file = "ptyprocess-0.7.0.tar.gz", hash = "sha256:5c5d0a3b48ceee0b48485e0c26037c0acd7d29765ca3fbb5cb3831d347423220"},
]

[[package]]
name = "pure-eval"
version = "0.2.3"
description = "Safely evaluate AST nodes without side effects"
optional = false
python-versions = "*"
files = [
    {file = "pure_eval-0.2.3-py3-none-any.whl", hash = "sha256:1db8e35b67b3d218d818ae653e27f06c3aa420901fa7b081ca98cbedc874e0d0"},
    {file = "pure_eval-0.2.3.tar.gz", hash = "sha256:5f4e983f40564c576c7c8635ae88db5956bb2229d7e9237d03b3c0b0190eaf42"},
]

[package.extras]
tests = ["pytest"]

[[package]]
name = "pygments"
version = "2.18.0"
description = "Pygments is a syntax highlighting package written in Python."
optional = false
python-versions = ">=3.8"
files = [
    {file = "pygments-2.18.0-py3-none-any.whl", hash = "sha256:b8e6aca0523f3ab76fee51799c488e38782ac06eafcf95e7ba832985c8e7b13a"},
    {file = "pygments-2.18.0.tar.gz", hash = "sha256:786ff802f32e91311bff3889f6e9a86e81505fe99f2735bb6d60ae0c5004f199"},
]

[package.extras]
windows-terminal = ["colorama (>=0.4.6)"]

[[package]]
name = "pytest"
version = "8.3.3"
description = "pytest: simple powerful testing with Python"
optional = false
python-versions = ">=3.8"
files = [
    {file = "pytest-8.3.3-py3-none-any.whl", hash = "sha256:a6853c7375b2663155079443d2e45de913a911a11d669df02a50814944db57b2"},
    {file = "pytest-8.3.3.tar.gz", hash = "sha256:70b98107bd648308a7952b06e6ca9a50bc660be218d53c257cc1fc94fda10181"},
]

[package.dependencies]
colorama = {version = "*", markers = "sys_platform == \"win32\""}
iniconfig = "*"
packaging = "*"
pluggy = ">=1.5,<2"

[package.extras]
dev = ["argcomplete", "attrs (>=19.2)", "hypothesis (>=3.56)", "mock", "pygments (>=2.7.2)", "requests", "setuptools", "xmlschema"]

[[package]]
name = "pytest-cov"
version = "5.0.0"
description = "Pytest plugin for measuring coverage."
optional = false
python-versions = ">=3.8"
files = [
    {file = "pytest-cov-5.0.0.tar.gz", hash = "sha256:5837b58e9f6ebd335b0f8060eecce69b662415b16dc503883a02f45dfeb14857"},
    {file = "pytest_cov-5.0.0-py3-none-any.whl", hash = "sha256:4f0764a1219df53214206bf1feea4633c3b558a2925c8b59f144f682861ce652"},
]

[package.dependencies]
coverage = {version = ">=5.2.1", extras = ["toml"]}
pytest = ">=4.6"

[package.extras]
testing = ["fields", "hunter", "process-tests", "pytest-xdist", "virtualenv"]

[[package]]
name = "pytest-mock"
version = "3.14.0"
description = "Thin-wrapper around the mock package for easier use with pytest"
optional = false
python-versions = ">=3.8"
files = [
    {file = "pytest-mock-3.14.0.tar.gz", hash = "sha256:2719255a1efeceadbc056d6bf3df3d1c5015530fb40cf347c0f9afac88410bd0"},
    {file = "pytest_mock-3.14.0-py3-none-any.whl", hash = "sha256:0b72c38033392a5f4621342fe11e9219ac11ec9d375f8e2a0c164539e0d70f6f"},
]

[package.dependencies]
pytest = ">=6.2.5"

[package.extras]
dev = ["pre-commit", "pytest-asyncio", "tox"]

[[package]]
name = "pytest-watch"
version = "4.2.0"
description = "Local continuous test runner with pytest and watchdog."
optional = false
python-versions = "*"
files = [
    {file = "pytest-watch-4.2.0.tar.gz", hash = "sha256:06136f03d5b361718b8d0d234042f7b2f203910d8568f63df2f866b547b3d4b9"},
]

[package.dependencies]
colorama = ">=0.3.3"
docopt = ">=0.4.0"
pytest = ">=2.6.4"
watchdog = ">=0.6.0"

[[package]]
name = "six"
version = "1.16.0"
description = "Python 2 and 3 compatibility utilities"
optional = false
python-versions = ">=2.7, !=3.0.*, !=3.1.*, !=3.2.*"
files = [
    {file = "six-1.16.0-py2.py3-none-any.whl", hash = "sha256:8abb2f1d86890a2dfb989f9a77cfcfd3e47c2a354b01111771326f8aa26e0254"},
    {file = "six-1.16.0.tar.gz", hash = "sha256:1e61c37477a1626458e36f7b1d82aa5c9b094fa4802892072e49de9c60c4c926"},
]

[[package]]
name = "stack-data"
version = "0.6.3"
description = "Extract data from python stack frames and tracebacks for informative displays"
optional = false
python-versions = "*"
files = [
    {file = "stack_data-0.6.3-py3-none-any.whl", hash = "sha256:d5558e0c25a4cb0853cddad3d77da9891a08cb85dd9f9f91b9f8cd66e511e695"},
    {file = "stack_data-0.6.3.tar.gz", hash = "sha256:836a778de4fec4dcd1dcd89ed8abff8a221f58308462e1c4aa2a3cf30148f0b9"},
]

[package.dependencies]
asttokens = ">=2.1.0"
executing = ">=1.2.0"
pure-eval = "*"

[package.extras]
tests = ["cython", "littleutils", "pygments", "pytest", "typeguard"]

[[package]]
name = "sudachidict-core"
version = "20240716"
description = "Sudachi Dictionary for SudachiPy - Core Edition"
optional = false
python-versions = "*"
files = [
    {file = "SudachiDict-core-20240716.tar.gz", hash = "sha256:90380263fd3e597240b38001cdcb4d7ae3781fcbf4c92f31cc4d1a4b5c41eea9"},
    {file = "SudachiDict_core-20240716-py3-none-any.whl", hash = "sha256:29b69eb016c5da7fcbf7cc1dee1c4bdfc323af2e9638106ba62e490f97d86cc9"},
]

[package.dependencies]
SudachiPy = ">=0.5,<0.7"

[[package]]
name = "sudachidict-full"
version = "20240716"
description = "Sudachi Dictionary for SudachiPy - Full Edition"
optional = false
python-versions = "*"
files = [
    {file = "SudachiDict-full-20240716.tar.gz", hash = "sha256:06097787356e8cf30c9d14777f87d75d43beada4c66b26b40ed9b6b61d5a260a"},
]

[package.dependencies]
SudachiPy = ">=0.5,<0.7"

[[package]]
name = "sudachipy"
version = "0.6.8"
description = "Python version of Sudachi, the Japanese Morphological Analyzer"
optional = false
python-versions = "*"
files = [
    {file = "SudachiPy-0.6.8-cp310-cp310-macosx_10_12_universal2.whl", hash = "sha256:85f91a6ac347d2fbf478ae96e0e08efe7b8e47fb7cdfb770e90611be5669cabb"},
    {file = "SudachiPy-0.6.8-cp310-cp310-manylinux_2_17_x86_64.manylinux2014_x86_64.whl", hash = "sha256:361ef3e3333ef4165b517668878dd80fbed6d3c443659b9dc3236132ea8f7fbb"},
    {file = "SudachiPy-0.6.8-cp310-cp310-win_amd64.whl", hash = "sha256:081c52918bdae35f564637db146389f0a48b3b5263f215859b4d1ae311a7a474"},
    {file = "SudachiPy-0.6.8-cp311-cp311-macosx_10_12_universal2.whl", hash = "sha256:0a6cb506e402933023ea07035fc3e81d65880392afcdb2f09676027882b09e73"},
    {file = "SudachiPy-0.6.8-cp311-cp311-manylinux_2_17_x86_64.manylinux2014_x86_64.whl", hash = "sha256:d19db58be100b05362d00d0ad5cd29aff6da31807967b302f35bd43dd59e141f"},
    {file = "SudachiPy-0.6.8-cp311-cp311-win_amd64.whl", hash = "sha256:27833ae472220dc46f934edd9a8839b0134279c0113f7da01d67e424bfe2d0ab"},
    {file = "SudachiPy-0.6.8-cp312-cp312-macosx_10_12_universal2.whl", hash = "sha256:7f75d4627fa141bc02951c5ce17ec7055faf2e9424d10c697e923c27b7936369"},
    {file = "SudachiPy-0.6.8-cp312-cp312-manylinux_2_17_x86_64.manylinux2014_x86_64.whl", hash = "sha256:33afa2efa4d98ae3cbea0ab8cc09c71b0405d188074d0c4cef2b2080a51caafe"},
    {file = "SudachiPy-0.6.8-cp312-cp312-win_amd64.whl", hash = "sha256:2a2f22605093ed7994eb7edced2a21c8ac71b9ecc9877e94539414b1a60d172a"},
    {file = "SudachiPy-0.6.8-cp37-cp37m-macosx_10_12_universal2.whl", hash = "sha256:6ab54826d151dcf69dfd168e784887d2701c553cf3f455d28b171e64584a404d"},
    {file = "SudachiPy-0.6.8-cp37-cp37m-manylinux_2_17_x86_64.manylinux2014_x86_64.whl", hash = "sha256:9d9aa1890b3f43af0ff691f6de8f770ab9ea58506d9e1ee3c8bb9aae460c58d2"},
    {file = "SudachiPy-0.6.8-cp37-cp37m-win_amd64.whl", hash = "sha256:686a890a376589e78b606548f9d5427a43ce8492edc46bcd09c104d9df594f7c"},
    {file = "SudachiPy-0.6.8-cp38-cp38-macosx_10_12_universal2.whl", hash = "sha256:8d19395daf8c96e4a14df18c4df634e1f7caa7790917ab089c174ffcbdcaf4c0"},
    {file = "SudachiPy-0.6.8-cp38-cp38-manylinux_2_17_x86_64.manylinux2014_x86_64.whl", hash = "sha256:d9cae943138ef2e9d0126a5a4110dca5d6e5d8f35dc3f909e3ef1aeff3aa565b"},
    {file = "SudachiPy-0.6.8-cp38-cp38-win_amd64.whl", hash = "sha256:e8de107715dcd1d566837c91c6a10572efc171d4969a505176ecb37efe65cb48"},
    {file = "SudachiPy-0.6.8-cp39-cp39-macosx_10_12_universal2.whl", hash = "sha256:d52ddc5001b0125375419409adee012f8957b15ad1a4017e18f30c54ba69f9b7"},
    {file = "SudachiPy-0.6.8-cp39-cp39-manylinux_2_17_x86_64.manylinux2014_x86_64.whl", hash = "sha256:c2a7c98f75567bd8488a1597c83f8f6abb4c15c577d0b5f92fa0c31c8304dae4"},
    {file = "SudachiPy-0.6.8-cp39-cp39-win_amd64.whl", hash = "sha256:1ae6e533f98e510e751d7355ec512aff3a7dac73539abb61c731cdcc316a183f"},
    {file = "SudachiPy-0.6.8.tar.gz", hash = "sha256:3d1c9086ff09afacc34d02fdb2112aab7cff1d78f0d4b81f78b9ba01c36d4888"},
]

[package.extras]
tests = ["sudachidict-core", "tokenizers"]

[[package]]
name = "traitlets"
version = "5.14.3"
description = "Traitlets Python configuration system"
optional = false
python-versions = ">=3.8"
files = [
    {file = "traitlets-5.14.3-py3-none-any.whl", hash = "sha256:b74e89e397b1ed28cc831db7aea759ba6640cb3de13090ca145426688ff1ac4f"},
    {file = "traitlets-5.14.3.tar.gz", hash = "sha256:9ed0579d3502c94b4b3732ac120375cda96f923114522847de4b3bb98b96b6b7"},
]

[package.extras]
docs = ["myst-parser", "pydata-sphinx-theme", "sphinx"]
test = ["argcomplete (>=3.0.3)", "mypy (>=1.7.0)", "pre-commit", "pytest (>=7.0,<8.2)", "pytest-mock", "pytest-mypy-testing"]

[[package]]
name = "typing-extensions"
version = "4.12.2"
description = "Backported and Experimental Type Hints for Python 3.8+"
optional = false
python-versions = ">=3.8"
files = [
    {file = "typing_extensions-4.12.2-py3-none-any.whl", hash = "sha256:04e5ca0351e0f3f85c6853954072df659d0d13fac324d0072316b67d7794700d"},
    {file = "typing_extensions-4.12.2.tar.gz", hash = "sha256:1a7ead55c7e559dd4dee8856e3a88b41225abfe1ce8df57b7c13915fe121ffb8"},
]

[[package]]
name = "watchdog"
version = "5.0.3"
description = "Filesystem events monitoring"
optional = false
python-versions = ">=3.9"
files = [
    {file = "watchdog-5.0.3-cp310-cp310-macosx_10_9_universal2.whl", hash = "sha256:85527b882f3facda0579bce9d743ff7f10c3e1e0db0a0d0e28170a7d0e5ce2ea"},
    {file = "watchdog-5.0.3-cp310-cp310-macosx_10_9_x86_64.whl", hash = "sha256:53adf73dcdc0ef04f7735066b4a57a4cd3e49ef135daae41d77395f0b5b692cb"},
    {file = "watchdog-5.0.3-cp310-cp310-macosx_11_0_arm64.whl", hash = "sha256:e25adddab85f674acac303cf1f5835951345a56c5f7f582987d266679979c75b"},
    {file = "watchdog-5.0.3-cp311-cp311-macosx_10_9_universal2.whl", hash = "sha256:f01f4a3565a387080dc49bdd1fefe4ecc77f894991b88ef927edbfa45eb10818"},
    {file = "watchdog-5.0.3-cp311-cp311-macosx_10_9_x86_64.whl", hash = "sha256:91b522adc25614cdeaf91f7897800b82c13b4b8ac68a42ca959f992f6990c490"},
    {file = "watchdog-5.0.3-cp311-cp311-macosx_11_0_arm64.whl", hash = "sha256:d52db5beb5e476e6853da2e2d24dbbbed6797b449c8bf7ea118a4ee0d2c9040e"},
    {file = "watchdog-5.0.3-cp312-cp312-macosx_10_13_universal2.whl", hash = "sha256:94d11b07c64f63f49876e0ab8042ae034674c8653bfcdaa8c4b32e71cfff87e8"},
    {file = "watchdog-5.0.3-cp312-cp312-macosx_10_13_x86_64.whl", hash = "sha256:349c9488e1d85d0a58e8cb14222d2c51cbc801ce11ac3936ab4c3af986536926"},
    {file = "watchdog-5.0.3-cp312-cp312-macosx_11_0_arm64.whl", hash = "sha256:53a3f10b62c2d569e260f96e8d966463dec1a50fa4f1b22aec69e3f91025060e"},
    {file = "watchdog-5.0.3-cp313-cp313-macosx_10_13_universal2.whl", hash = "sha256:950f531ec6e03696a2414b6308f5c6ff9dab7821a768c9d5788b1314e9a46ca7"},
    {file = "watchdog-5.0.3-cp313-cp313-macosx_10_13_x86_64.whl", hash = "sha256:ae6deb336cba5d71476caa029ceb6e88047fc1dc74b62b7c4012639c0b563906"},
    {file = "watchdog-5.0.3-cp313-cp313-macosx_11_0_arm64.whl", hash = "sha256:1021223c08ba8d2d38d71ec1704496471ffd7be42cfb26b87cd5059323a389a1"},
    {file = "watchdog-5.0.3-cp39-cp39-macosx_10_9_universal2.whl", hash = "sha256:752fb40efc7cc8d88ebc332b8f4bcbe2b5cc7e881bccfeb8e25054c00c994ee3"},
    {file = "watchdog-5.0.3-cp39-cp39-macosx_10_9_x86_64.whl", hash = "sha256:a2e8f3f955d68471fa37b0e3add18500790d129cc7efe89971b8a4cc6fdeb0b2"},
    {file = "watchdog-5.0.3-cp39-cp39-macosx_11_0_arm64.whl", hash = "sha256:b8ca4d854adcf480bdfd80f46fdd6fb49f91dd020ae11c89b3a79e19454ec627"},
    {file = "watchdog-5.0.3-pp310-pypy310_pp73-macosx_10_15_x86_64.whl", hash = "sha256:90a67d7857adb1d985aca232cc9905dd5bc4803ed85cfcdcfcf707e52049eda7"},
    {file = "watchdog-5.0.3-pp310-pypy310_pp73-macosx_11_0_arm64.whl", hash = "sha256:720ef9d3a4f9ca575a780af283c8fd3a0674b307651c1976714745090da5a9e8"},
    {file = "watchdog-5.0.3-pp39-pypy39_pp73-macosx_10_15_x86_64.whl", hash = "sha256:223160bb359281bb8e31c8f1068bf71a6b16a8ad3d9524ca6f523ac666bb6a1e"},
    {file = "watchdog-5.0.3-pp39-pypy39_pp73-macosx_11_0_arm64.whl", hash = "sha256:560135542c91eaa74247a2e8430cf83c4342b29e8ad4f520ae14f0c8a19cfb5b"},
    {file = "watchdog-5.0.3-py3-none-manylinux2014_aarch64.whl", hash = "sha256:dd021efa85970bd4824acacbb922066159d0f9e546389a4743d56919b6758b91"},
    {file = "watchdog-5.0.3-py3-none-manylinux2014_armv7l.whl", hash = "sha256:78864cc8f23dbee55be34cc1494632a7ba30263951b5b2e8fc8286b95845f82c"},
    {file = "watchdog-5.0.3-py3-none-manylinux2014_i686.whl", hash = "sha256:1e9679245e3ea6498494b3028b90c7b25dbb2abe65c7d07423ecfc2d6218ff7c"},
    {file = "watchdog-5.0.3-py3-none-manylinux2014_ppc64.whl", hash = "sha256:9413384f26b5d050b6978e6fcd0c1e7f0539be7a4f1a885061473c5deaa57221"},
    {file = "watchdog-5.0.3-py3-none-manylinux2014_ppc64le.whl", hash = "sha256:294b7a598974b8e2c6123d19ef15de9abcd282b0fbbdbc4d23dfa812959a9e05"},
    {file = "watchdog-5.0.3-py3-none-manylinux2014_s390x.whl", hash = "sha256:26dd201857d702bdf9d78c273cafcab5871dd29343748524695cecffa44a8d97"},
    {file = "watchdog-5.0.3-py3-none-manylinux2014_x86_64.whl", hash = "sha256:0f9332243355643d567697c3e3fa07330a1d1abf981611654a1f2bf2175612b7"},
    {file = "watchdog-5.0.3-py3-none-win32.whl", hash = "sha256:c66f80ee5b602a9c7ab66e3c9f36026590a0902db3aea414d59a2f55188c1f49"},
    {file = "watchdog-5.0.3-py3-none-win_amd64.whl", hash = "sha256:f00b4cf737f568be9665563347a910f8bdc76f88c2970121c86243c8cfdf90e9"},
    {file = "watchdog-5.0.3-py3-none-win_ia64.whl", hash = "sha256:49f4d36cb315c25ea0d946e018c01bb028048023b9e103d3d3943f58e109dd45"},
    {file = "watchdog-5.0.3.tar.gz", hash = "sha256:108f42a7f0345042a854d4d0ad0834b741d421330d5f575b81cb27b883500176"},
]

[package.extras]
watchmedo = ["PyYAML (>=3.10)"]

[[package]]
name = "wcwidth"
version = "0.2.13"
description = "Measures the displayed width of unicode strings in a terminal"
optional = false
python-versions = "*"
files = [
    {file = "wcwidth-0.2.13-py2.py3-none-any.whl", hash = "sha256:3da69048e4540d84af32131829ff948f1e022c1c6bdb8d6102117aac784f6859"},
    {file = "wcwidth-0.2.13.tar.gz", hash = "sha256:72ea0c06399eb286d978fdedb6923a9eb47e1c486ce63e9b4e64fc18303972b5"},
]

[metadata]
lock-version = "2.0"
python-versions = "^3.11"
content-hash = "cf6955813c2d2ddaabc0e07cc87455ae65d1567302af6170e9f34279b3bb01b0"
